{
  "0001_paper_trading_runs.py": "d2fab924f2b02ef976491a2ea51a11d95379c4ebb3c8a6cbd12df211cb7671c9",
  "0002_strategy_versions_tests.py": "d9f82d27f7d765656b801643c06f715f354ee8c47a7bec2822de8bdbbb02fd3c",
  "0003_optimizer_and_crew.py": "e680e79ddd11d997b2f54bcc20b634abfe776707c6a695290348ca2279e84938",
  "0004_quant_ml_planning.py": "57e0e85b4afab8b28539954c23af7daa6c59b48a22a8dbe66716738742d9ae78",
  "0005_flink_trading_schema.py": "fa037db9f7010da44295257199a74a63f976ccfe1955a30afbcaae216a14c685",
  "0006_agentic_trading.py": "3de08dacdfb387afb1eb789838ce0891a0e96954d90345ce921ad75e5c560ca3",
  "0007_data_plane_expansion.py": "ae4c544f4d3a83e0857661c307fd4b0b74831314dae9c2c670f1c8409bf8fa88",
  "0008_domain_model_expansion.py": "2bc42543d5355bfc3fe5228793da579fc171c198b5b8f4ab4387f5a09893542b",
  "0009_judge_replay_interrupts.py": "ec7a513a84afd7ee230429062cd46a843cdc7ae3ac6a8561a4ae893a57a88806",
  "0010_feature_sets_equity_reports.py": "6396ee3e38623f2b841763720ae439b6dd23beade2c6d4ee1961e2e37724ed55",
  "0011_iceberg_catalog_columns.py": "840c08d4d70151b3a661871d37b8fd12a6324a0e39247cab4a0dd6f81d05916b",
  "0012_agents_rag_memory.py": "f1a4b068d7307dc6b41a4f6921f02cece2134b2116769c80fc4521e406dbfc08",
  "0013_data_engine_expansion.py": "528465e6d20794b443bd170de2a12fa6e9b00840c8b440abc71dae107d5e1c4f",
  "0014_airbyte_data_fabric.py": "08f73d058f571f03d451ef66fcc03bb8f46de5207748ccc4c10e77eebc5253e5",
  "0015_dbt_foundation.py": "fb47cede32727812daa950bef32a4aa396b7b8c2a540c1d1f0ff78f15a15d24a",
  "0016_extraction_metadata.py": "a0cccd6c1be9d685373414786beb648feb74a58e53fdf62ae9927dca78d04b19",
  "0017_tenancy_foundation.py": "882fb873a891c0b7801585fb5d9f454976de876b050d3a78fc965a1a0e8c5f09",
  "0018_resource_ownership.py": "1157d11dd52128af575820517569357c52d1709be447e8015bb99c83ba2c83d6",
  "0019_ownership_enforce.py": "1f291b5c2e4054a6887595a0a0cfcd99b514fa07f76e9be665636c94e1ad4c7b",
  "0020_bots.py": "91630f6b9feac9ee7ec873413ae1cc8d9a23335f8216aeb1f4f314ab24861ab4",
  "0020_data_control_metadata.py": "cb2870e7cad42fffd359a9bc5e19dc59b4d45cdeb10ef5b14dd353d2138f861e",
  "0021_default_tenancy_normalization.py": "3a85ffd25c48e9e9f51bb810c1fce8c8f8250bde145784ac091da5e7363077db",
  "0022_mlops_experiment_runs.py": "2f0873459bffa8c8f77c0e742368182be4647cfa515b73484654195c88fcc66b",
  "0023_merge_data_control_branch.py": "9822633b5e82c8153c80c67264946c3e1b6d5352d898c079e122a42435e8205a",
  "0024_data_layer_expansion.py": "1ea0eec427579ef79f6bb2d7213505cb7c8aae9a0a77f682d58a4b93076aabbb",
  "0025_ml_alpha_backtest_linkage.py": "6caec4aac8809717bd0b8eb50708e820df30aa3b6048464bdb13722ab44e0d38",
  "0026_rl_layer.py": "e8e8cbe570ae21a1075d7f8bf2c6a1af7b5e78f46517dabc02983c3a0924bf80",
  "0027_data_layer_medallion.py": "2fc65402150616fad3cccfee4ecd040d7856b89b08e3448b41ab4e6d3b9c1d68",
  "0028_tenancy_pipeline_manifest_uniqueness.py": "1559b0e14745b957fbc3d346b6f3a337dda3f86768aae4134e6a7fa7789fe1d8",
  "0029_backtest_run_artifact.py": "35d5b7df5e4d2c1f3f30a55d20017393ac6535999ef02f0dbc30c39551af5d45",
  "0030_strategy_regime_memory.py": "b69800b9fc4609dd3e6409c77d8a65410893d2e1b8d73092bee37afb7e6ea59a",
  "0031_analysis_layer.py": "ff8792e78c58e553797b9935569a7c586136e6ca258cee6166527baa91347b20",
  "0032_dataset_kind_ingestion_flag.py": "e088de448247149567545c60abdf6a465fcf449ef74bca92a085fc2712e2f0d9",
  "0033_airbyte_manifest_storage.py": "de3a15bbd75db41277b2667015a422ede70d7a97094cbca9ca0d38af99f46767",
  "0034_dagster_sandbox_sessions.py": "a232857f6821bfae2eddfac41f88f1537412e7c667366116ec6a660bc28c4395",
  "0035_research_papers.py": "dc801ea6666a6b2eb270ae4a9cce605cd1346faed3149cadef322b1c7e24c99a",
  "0036_experiments_tests.py": "df8cb8cb3baf1731ec57dd934a943f24ffb77baec3601bbeb5c28285304e8035",
  "0037_experiment_test_linkage.py": "519899ce11b8862935376c78721dd6358adb092b1d0567c0668afc9b3d67cc2b",
  "0038_polymorphic_resources.py": "aa172cdea99fd74f1996d6a2dea8bddb33824107280bbb59f889b036e7054d3d",
  "0039_extended_instrument_taxonomy.py": "9cb5b18e8fa13b7dc94477b317392a45f2ce7c3df7ee16cb60fbb4c530abf476",
  "0040_normalized_identifiers_backfill.py": "3a4b91fafb6542ea18486c25d8d83cae44b34d3a8bb0b05a9503271a2f8d8eaf",
  "0041_orders_unified.py": "e27b81b86d70bc21ff89de3bec035954bd96dfefb0f1ca3073ad45d9368aa8d5",
  "0042_accounts_balances.py": "4da5c86a22a58d0df6832f98e6bb8fdceaa8b5c0e9afa1369d2f6397a19e40f4",
  "0043_reconciliation_anomalies.py": "22d621e2d807e635a6b3a97d1083b946fe57b1144e1d0935bf86240b9ca86165",
  "0044_pricing_context_runs.py": "0c1bb8c98753d423e9ad3de8b797f898bed74196327b61d5236d8f0b3f692d01",
  "0045_pgvector_foundation.py": "91c827023755f34828bc72409c053fdc51c8d4e6edf3d90adf2e743224aa4371",
  "0046_workflow_versioning.py": "2b5510210f0bb8beea9f64bb12b0d3bd8ab9dec5b6e0238b20b12ae15daca14e",
  "0047_data_fabric_foundation.py": "3ba62c35b0f7d47a24c8b853a43a5a8c298af67ba00a78769f0dedd83f5a4c49",
  "0048_metadata_aspects.py": "0a347865525085a91941d84434d704a351dbec81da96c47964918eaa8ee032c7",
  "0049_paper_baseline_aspects.py": "94d1e749f2328ca4fc8d6f3f0e3b3de461b69984bd94bdefe5a12d999dad6449",
  "0050_terraform_iac_plus_entra.py": "8c9936009a10a9171bda9c1e1d6e5e255ccbe8b232d8b27b145d68ff734361ba",
  "0051_seed_wiley_tech.py": "b97b7dd4dc03ccd5fc78d76f996fb8513de206d56e896dfa7ac2d4b44fdba20a",
  "0052_account_mgmt.py": "5a58c319ca916966ff9d7cf3215934fb3d4e4518bf2a3c86f415256c655c6aa4",
  "0053_paper_metadata_seed_aspects.py": "62b4c123c209816deab1662c678a9885e5cd8e52b7942d88c59c3b7ed04b76d8",
  "0054_assistant_engine.py": "7983ea4a5d0b06698400e5ec5b52b026c9cb735d23898551f44ea656eed7d977",
  "0055_workload_runs.py": "d2bda8cf953194faacfdb1b4debeea829c73b2a093e948969f91766dfd8152df",
  "0056_entra_tenant_link_nullable_org.py": "8d793f07d90080cdb6cf0b4a1e90613343245c919e182440837a54a695d9082f",
  "0057_data_lab_foundation.py": "8f24bd62d56c27e17acfe6198339efe67aa4feba9fff4c208b3204301c18caf1",
  "0058_bot_event_sourcing.py": "3370e1ee32a8e3e38950ea29191369b019d738f89bcccb73dfd7845ab6d31f4d",
  "0059_lineage_graph_v2.py": "a41e85a14e9f9e0605062405b122c9d8e491cc7809525e6502a18df7ff0864a9",
  "0060_openlineage_outbox.py": "98dadf5ae22d0ecddb222eb32e92c166c32def0b2e22febffc8df990f5f5e103",
  "0061_lineage_signing_archive.py": "04822e5271af7ba9b76afd7afb196b02c36520319056068b5e17ebe7f2f8c9b4",
  "0062_user_oauth_tokens.py": "0d45b413a796826fb8db4d6da706ca799b66081b730e248d37a3a264ddf2a9c1",
  "0063_tenancy_strategy.py": "91b7bfadae27c2493e7a2c425f73045e9317496f478daa113d2b4bb26eac06da",
  "0064_schema_per_tenant_bootstrap.py": "3ea94aa878807e6ae4fc32f4da6d76ca6c8f6189ae837ed670c501277f67c054",
  "0065_broker_credentials_b2b.py": "03e5660c3125e094004548af6e58b0a59df9962826378033e7cdb9972506fc02",
  "0066_rl_policies.py": "f1d805f8ef48eaf3db9c810cd4b41619c443e2809b9c53c87c98707fc273b13a",
  "0067_rl_keys.py": "23cfe02095da3a9a88797bc1e96c85bf872fff4b5b040581e5c0b5369c90e270",
  "0068_rl_ledger.py": "c933dd6bb38254804137bccad962ab8d6e46b2815bcc2a53bd24b13c8b4f0ca3",
  "0069_user_tiers_template_catalog_audit.py": "754040abb5d036750c5b5d1beef71bcf92ba049df0e6c634a73cec94258cbd90",
  "0070_airbyte_workspace_per_team.py": "ed17670e112302e5031bf5b10024194278ebcf86736bdabb35730e8263537021",
  "0071_databento_iex_broker_providers.py": "94ab5d2d6ae6d5c03a56911bd439609bdb4a688aeea1dbae59c351546d21b00e",
  "0072_airbyte_dataset_kind.py": "5d77ccd6abe353679be2a42183ddb17e39346fa855c795c01f6514b94502e78c",
  "0073_dbt_mesh_projects.py": "ca4814e303938bef74835dcd0df0330b06129e960e69e5427bee4b77a66ea916",
  "0074_kernel_sessions.py": "f2c6714bcf8e1fa45adf4611ac6e3811749100556ed88cbcf15bd1bf97232ae1",
  "0075_ingestion_approvals.py": "ca472f30abd504d4f7f375003c4caa2b8cf4c09c54a3ccbc01328d8ae29a235e",
  "0076_agent_rl_buckets.py": "ca8e2b37c42f46fae532342019ccfc522f6bde5047d400ce0c9b05e6e8eb2e9a",
  "0077_connector_marketplace_extras.py": "bfbde647cb1bc6355fc7f7185dc9706049c3e19cb8f9c70d28eb487568221f15",
  "0078_replay_cache_entries.py": "85ef80b5b71ec0fa6e33db6404312aaea3b9fc73a1124c094276987f602edf2a",
  "0079_audit_log_hash_chain.py": "e8d7b142f1f244fad9650fe87eb755895f04b31e8d4e5a86cbd7837c62111578",
  "0080_team_airbyte_workspaces.py": "1ff16b28187d4e87578a80cd89143bbf1350a3a959e3c530b99b7b46dd53dda9",
  "0081_mlops_skills_and_artifacts.py": "e86d46d02d3299a8a0dab6e337176fc89f20bae9c843e35c8f7df65a69d0517e"
}
